
Microsoft Visual Studio Solution File, Format Version 12.00
# Visual Studio Version 16
VisualStudioVersion = 16.0.29613.14
MinimumVisualStudioVersion = 10.0.40219.1
Project("{FAE04EC0-301F-11D3-BF4B-00C04F79EFBC}") = "pract 2", "pract 2\pract 2.csproj", "{DFBE0649-CDF4-4000-BAD3-3558E3B79930}"
EndProject
Project("{FAE04EC0-301F-11D3-BF4B-00C04F79EFBC}") = "libmass", "libmass\libmass.csproj", "{07488502-8469-4C71-BC88-5B6397D1EC13}"
EndProject
Project("{FAE04EC0-301F-11D3-BF4B-00C04F79EFBC}") = "lib1", "lib1\lib1.csproj", "{95DE4903-286B-42D0-ABB0-1AD0B167D494}"
EndProject
Global
	GlobalSection(SolutionConfigurationPlatforms) = preSolution
		Debug|Any CPU = Debug|Any CPU
		Release|Any CPU = Release|Any CPU
	EndGlobalSection
	GlobalSection(ProjectConfigurationPlatforms) = postSolution
		{DFBE0649-CDF4-4000-BAD3-3558E3B79930}.Debug|Any CPU.ActiveCfg = Debug|Any CPU
		{DFBE0649-CDF4-4000-BAD3-3558E3B79930}.Debug|Any CPU.Build.0 = Debug|Any CPU
		{DFBE0649-CDF4-4000-BAD3-3558E3B79930}.Release|Any CPU.ActiveCfg = Release|Any CPU
		{DFBE0649-CDF4-4000-BAD3-3558E3B79930}.Release|Any CPU.Build.0 = Release|Any CPU
		{07488502-8469-4C71-BC88-5B6397D1EC13}.Debug|Any CPU.ActiveCfg = Debug|Any CPU
		{07488502-8469-4C71-BC88-5B6397D1EC13}.Debug|Any CPU.Build.0 = Debug|Any CPU
		{07488502-8469-4C71-BC88-5B6397D1EC13}.Release|Any CPU.ActiveCfg = Release|Any CPU
		{07488502-8469-4C71-BC88-5B6397D1EC13}.Release|Any CPU.Build.0 = Release|Any CPU
		{95DE4903-286B-42D0-ABB0-1AD0B167D494}.Debug|Any CPU.ActiveCfg = Debug|Any CPU
		{95DE4903-286B-42D0-ABB0-1AD0B167D494}.Debug|Any CPU.Build.0 = Debug|Any CPU
		{95DE4903-286B-42D0-ABB0-1AD0B167D494}.Release|Any CPU.ActiveCfg = Release|Any CPU
		{95DE4903-286B-42D0-ABB0-1AD0B167D494}.Release|Any CPU.Build.0 = Release|Any CPU
	EndGlobalSection
	GlobalSection(SolutionProperties) = preSolution
		HideSolutionNode = FALSE
	EndGlobalSection
	GlobalSection(ExtensibilityGlobals) = postSolution
		SolutionGuid = {F2CA5C4B-478E-4F2F-A10F-260B003BFBC7}
	EndGlobalSection
EndGlobal
